
Microsoft Visual Studio Solution File, Format Version 12.00
# Visual Studio 15
VisualStudioVersion = 15.0.26730.15
MinimumVisualStudioVersion = 10.0.40219.1
Project("{2150E333-8FDC-42A3-9474-1A3956D46DE8}") = "Solution Items", "Solution Items", "{FD6592C7-7106-44D5-A2D2-EEC705A3DBBB}"
	ProjectSection(SolutionItems) = preProject
		.editorconfig = .editorconfig
		.gitattributes = .gitattributes
		.gitignore = .gitignore
		.gitmodules = .gitmodules
		Directory.Build.props = Directory.Build.props
		LICENSE = LICENSE
	EndProjectSection
EndProject
Project("{2150E333-8FDC-42A3-9474-1A3956D46DE8}") = "src", "src", "{5C704544-519C-4F65-B09B-FD7718531EA6}"
EndProject
Project("{2150E333-8FDC-42A3-9474-1A3956D46DE8}") = "test", "test", "{FC440972-893F-439E-AE8F-F2B4536F63B0}"
EndProject
Project("{9A19103F-16F7-4668-BE54-9A1E7A4F7556}") = "THNETII.InteropServices.NativeMemory", "src\THNETII.InteropServices.NativeMemory\THNETII.InteropServices.NativeMemory.csproj", "{4B3ED456-55D6-4CA7-8561-06ABFDEE8D20}"
EndProject
Project("{9A19103F-16F7-4668-BE54-9A1E7A4F7556}") = "THNETII.InteropServices.Test", "test\THNETII.InteropServices.Test\THNETII.InteropServices.Test.csproj", "{B4E305D2-7093-40C1-962B-45CD6CF1B7F2}"
EndProject
Project("{9A19103F-16F7-4668-BE54-9A1E7A4F7556}") = "THNETII.InteropServices.Bitwise", "src\THNETII.InteropServices.Bitwise\THNETII.InteropServices.Bitwise.csproj", "{F521C542-DBAA-4D2D-B788-F9BB6B3C6A93}"
EndProject
Project("{9A19103F-16F7-4668-BE54-9A1E7A4F7556}") = "THNETII.InteropServices.Runtime", "src\THNETII.InteropServices.Runtime\THNETII.InteropServices.Runtime.csproj", "{762A7191-56AB-4E86-B874-74A054DD272E}"
EndProject
Project("{2150E333-8FDC-42A3-9474-1A3956D46DE8}") = "docfx", "docfx", "{70C7A8FD-B4AB-4D42-A4DF-89A6770C9BE4}"
EndProject
Project("{9A19103F-16F7-4668-BE54-9A1E7A4F7556}") = "THNETII.InteropServices.DocFx", "docfx\THNETII.InteropServices.DocFx\THNETII.InteropServices.DocFx.csproj", "{34895B7D-2DF2-4759-B215-D30AF35FA31B}"
EndProject
Project("{FAE04EC0-301F-11D3-BF4B-00C04F79EFBC}") = "THNETII.InteropServices.NetCoreApp11.Test", "test\THNETII.InteropServices.NetCoreApp11.Test\THNETII.InteropServices.NetCoreApp11.Test.csproj", "{C2831145-DE49-4BC6-9E5E-9BFEA105B6A7}"
EndProject
Global
	GlobalSection(SolutionConfigurationPlatforms) = preSolution
		Debug|Any CPU = Debug|Any CPU
		Debug|x64 = Debug|x64
		Debug|x86 = Debug|x86
		Release|Any CPU = Release|Any CPU
		Release|x64 = Release|x64
		Release|x86 = Release|x86
	EndGlobalSection
	GlobalSection(ProjectConfigurationPlatforms) = postSolution
		{4B3ED456-55D6-4CA7-8561-06ABFDEE8D20}.Debug|Any CPU.ActiveCfg = Debug|Any CPU
		{4B3ED456-55D6-4CA7-8561-06ABFDEE8D20}.Debug|Any CPU.Build.0 = Debug|Any CPU
		{4B3ED456-55D6-4CA7-8561-06ABFDEE8D20}.Debug|x64.ActiveCfg = Debug|Any CPU
		{4B3ED456-55D6-4CA7-8561-06ABFDEE8D20}.Debug|x64.Build.0 = Debug|Any CPU
		{4B3ED456-55D6-4CA7-8561-06ABFDEE8D20}.Debug|x86.ActiveCfg = Debug|Any CPU
		{4B3ED456-55D6-4CA7-8561-06ABFDEE8D20}.Debug|x86.Build.0 = Debug|Any CPU
		{4B3ED456-55D6-4CA7-8561-06ABFDEE8D20}.Release|Any CPU.ActiveCfg = Release|Any CPU
		{4B3ED456-55D6-4CA7-8561-06ABFDEE8D20}.Release|Any CPU.Build.0 = Release|Any CPU
		{4B3ED456-55D6-4CA7-8561-06ABFDEE8D20}.Release|x64.ActiveCfg = Release|Any CPU
		{4B3ED456-55D6-4CA7-8561-06ABFDEE8D20}.Release|x64.Build.0 = Release|Any CPU
		{4B3ED456-55D6-4CA7-8561-06ABFDEE8D20}.Release|x86.ActiveCfg = Release|Any CPU
		{4B3ED456-55D6-4CA7-8561-06ABFDEE8D20}.Release|x86.Build.0 = Release|Any CPU
		{B4E305D2-7093-40C1-962B-45CD6CF1B7F2}.Debug|Any CPU.ActiveCfg = Debug|Any CPU
		{B4E305D2-7093-40C1-962B-45CD6CF1B7F2}.Debug|Any CPU.Build.0 = Debug|Any CPU
		{B4E305D2-7093-40C1-962B-45CD6CF1B7F2}.Debug|x64.ActiveCfg = Debug|Any CPU
		{B4E305D2-7093-40C1-962B-45CD6CF1B7F2}.Debug|x64.Build.0 = Debug|Any CPU
		{B4E305D2-7093-40C1-962B-45CD6CF1B7F2}.Debug|x86.ActiveCfg = Debug|Any CPU
		{B4E305D2-7093-40C1-962B-45CD6CF1B7F2}.Debug|x86.Build.0 = Debug|Any CPU
		{B4E305D2-7093-40C1-962B-45CD6CF1B7F2}.Release|Any CPU.ActiveCfg = Release|Any CPU
		{B4E305D2-7093-40C1-962B-45CD6CF1B7F2}.Release|Any CPU.Build.0 = Release|Any CPU
		{B4E305D2-7093-40C1-962B-45CD6CF1B7F2}.Release|x64.ActiveCfg = Release|Any CPU
		{B4E305D2-7093-40C1-962B-45CD6CF1B7F2}.Release|x64.Build.0 = Release|Any CPU
		{B4E305D2-7093-40C1-962B-45CD6CF1B7F2}.Release|x86.ActiveCfg = Release|Any CPU
		{B4E305D2-7093-40C1-962B-45CD6CF1B7F2}.Release|x86.Build.0 = Release|Any CPU
		{F521C542-DBAA-4D2D-B788-F9BB6B3C6A93}.Debug|Any CPU.ActiveCfg = Debug|Any CPU
		{F521C542-DBAA-4D2D-B788-F9BB6B3C6A93}.Debug|Any CPU.Build.0 = Debug|Any CPU
		{F521C542-DBAA-4D2D-B788-F9BB6B3C6A93}.Debug|x64.ActiveCfg = Debug|Any CPU
		{F521C542-DBAA-4D2D-B788-F9BB6B3C6A93}.Debug|x64.Build.0 = Debug|Any CPU
		{F521C542-DBAA-4D2D-B788-F9BB6B3C6A93}.Debug|x86.ActiveCfg = Debug|Any CPU
		{F521C542-DBAA-4D2D-B788-F9BB6B3C6A93}.Debug|x86.Build.0 = Debug|Any CPU
		{F521C542-DBAA-4D2D-B788-F9BB6B3C6A93}.Release|Any CPU.ActiveCfg = Release|Any CPU
		{F521C542-DBAA-4D2D-B788-F9BB6B3C6A93}.Release|Any CPU.Build.0 = Release|Any CPU
		{F521C542-DBAA-4D2D-B788-F9BB6B3C6A93}.Release|x64.ActiveCfg = Release|Any CPU
		{F521C542-DBAA-4D2D-B788-F9BB6B3C6A93}.Release|x64.Build.0 = Release|Any CPU
		{F521C542-DBAA-4D2D-B788-F9BB6B3C6A93}.Release|x86.ActiveCfg = Release|Any CPU
		{F521C542-DBAA-4D2D-B788-F9BB6B3C6A93}.Release|x86.Build.0 = Release|Any CPU
		{762A7191-56AB-4E86-B874-74A054DD272E}.Debug|Any CPU.ActiveCfg = Debug|Any CPU
		{762A7191-56AB-4E86-B874-74A054DD272E}.Debug|Any CPU.Build.0 = Debug|Any CPU
		{762A7191-56AB-4E86-B874-74A054DD272E}.Debug|x64.ActiveCfg = Debug|Any CPU
		{762A7191-56AB-4E86-B874-74A054DD272E}.Debug|x64.Build.0 = Debug|Any CPU
		{762A7191-56AB-4E86-B874-74A054DD272E}.Debug|x86.ActiveCfg = Debug|Any CPU
		{762A7191-56AB-4E86-B874-74A054DD272E}.Debug|x86.Build.0 = Debug|Any CPU
		{762A7191-56AB-4E86-B874-74A054DD272E}.Release|Any CPU.ActiveCfg = Release|Any CPU
		{762A7191-56AB-4E86-B874-74A054DD272E}.Release|Any CPU.Build.0 = Release|Any CPU
		{762A7191-56AB-4E86-B874-74A054DD272E}.Release|x64.ActiveCfg = Release|Any CPU
		{762A7191-56AB-4E86-B874-74A054DD272E}.Release|x64.Build.0 = Release|Any CPU
		{762A7191-56AB-4E86-B874-74A054DD272E}.Release|x86.ActiveCfg = Release|Any CPU
		{762A7191-56AB-4E86-B874-74A054DD272E}.Release|x86.Build.0 = Release|Any CPU
		{34895B7D-2DF2-4759-B215-D30AF35FA31B}.Debug|Any CPU.ActiveCfg = Debug|Any CPU
		{34895B7D-2DF2-4759-B215-D30AF35FA31B}.Debug|x64.ActiveCfg = Debug|Any CPU
		{34895B7D-2DF2-4759-B215-D30AF35FA31B}.Debug|x86.ActiveCfg = Debug|Any CPU
		{34895B7D-2DF2-4759-B215-D30AF35FA31B}.Release|Any CPU.ActiveCfg = Release|Any CPU
		{34895B7D-2DF2-4759-B215-D30AF35FA31B}.Release|x64.ActiveCfg = Release|Any CPU
		{34895B7D-2DF2-4759-B215-D30AF35FA31B}.Release|x86.ActiveCfg = Release|Any CPU
		{C2831145-DE49-4BC6-9E5E-9BFEA105B6A7}.Debug|Any CPU.ActiveCfg = Debug|Any CPU
		{C2831145-DE49-4BC6-9E5E-9BFEA105B6A7}.Debug|Any CPU.Build.0 = Debug|Any CPU
		{C2831145-DE49-4BC6-9E5E-9BFEA105B6A7}.Debug|x64.ActiveCfg = Debug|Any CPU
		{C2831145-DE49-4BC6-9E5E-9BFEA105B6A7}.Debug|x64.Build.0 = Debug|Any CPU
		{C2831145-DE49-4BC6-9E5E-9BFEA105B6A7}.Debug|x86.ActiveCfg = Debug|Any CPU
		{C2831145-DE49-4BC6-9E5E-9BFEA105B6A7}.Debug|x86.Build.0 = Debug|Any CPU
		{C2831145-DE49-4BC6-9E5E-9BFEA105B6A7}.Release|Any CPU.ActiveCfg = Release|Any CPU
		{C2831145-DE49-4BC6-9E5E-9BFEA105B6A7}.Release|Any CPU.Build.0 = Release|Any CPU
		{C2831145-DE49-4BC6-9E5E-9BFEA105B6A7}.Release|x64.ActiveCfg = Release|Any CPU
		{C2831145-DE49-4BC6-9E5E-9BFEA105B6A7}.Release|x64.Build.0 = Release|Any CPU
		{C2831145-DE49-4BC6-9E5E-9BFEA105B6A7}.Release|x86.ActiveCfg = Release|Any CPU
		{C2831145-DE49-4BC6-9E5E-9BFEA105B6A7}.Release|x86.Build.0 = Release|Any CPU
	EndGlobalSection
	GlobalSection(SolutionProperties) = preSolution
		HideSolutionNode = FALSE
	EndGlobalSection
	GlobalSection(NestedProjects) = preSolution
		{4B3ED456-55D6-4CA7-8561-06ABFDEE8D20} = {5C704544-519C-4F65-B09B-FD7718531EA6}
		{B4E305D2-7093-40C1-962B-45CD6CF1B7F2} = {FC440972-893F-439E-AE8F-F2B4536F63B0}
		{F521C542-DBAA-4D2D-B788-F9BB6B3C6A93} = {5C704544-519C-4F65-B09B-FD7718531EA6}
		{762A7191-56AB-4E86-B874-74A054DD272E} = {5C704544-519C-4F65-B09B-FD7718531EA6}
		{34895B7D-2DF2-4759-B215-D30AF35FA31B} = {70C7A8FD-B4AB-4D42-A4DF-89A6770C9BE4}
		{C2831145-DE49-4BC6-9E5E-9BFEA105B6A7} = {FC440972-893F-439E-AE8F-F2B4536F63B0}
	EndGlobalSection
	GlobalSection(ExtensibilityGlobals) = postSolution
		SolutionGuid = {1B21D348-740F-4C22-B147-963ADEE398F2}
	EndGlobalSection
EndGlobal
