
Microsoft Visual Studio Solution File, Format Version 12.00
# Visual Studio Version 16
VisualStudioVersion = 16.0.29409.12
MinimumVisualStudioVersion = 10.0.40219.1
Project("{2150E333-8FDC-42A3-9474-1A3956D46DE8}") = "Solution Items", "Solution Items", "{FD6592C7-7106-44D5-A2D2-EEC705A3DBBB}"
	ProjectSection(SolutionItems) = preProject
		.editorconfig = .editorconfig
		.gitattributes = .gitattributes
		.gitignore = .gitignore
		.gitmodules = .gitmodules
		Directory.Build.props = Directory.Build.props
		Directory.Meta.props = Directory.Meta.props
		Directory.Version.props = Directory.Version.props
		LICENSE = LICENSE
	EndProjectSection
EndProject
Project("{2150E333-8FDC-42A3-9474-1A3956D46DE8}") = "src", "src", "{5C704544-519C-4F65-B09B-FD7718531EA6}"
EndProject
Project("{2150E333-8FDC-42A3-9474-1A3956D46DE8}") = "test", "test", "{FC440972-893F-439E-AE8F-F2B4536F63B0}"
EndProject
Project("{9A19103F-16F7-4668-BE54-9A1E7A4F7556}") = "THNETII.InteropServices.Test", "test\THNETII.InteropServices.Test\THNETII.InteropServices.Test.csproj", "{B4E305D2-7093-40C1-962B-45CD6CF1B7F2}"
EndProject
Project("{9A19103F-16F7-4668-BE54-9A1E7A4F7556}") = "THNETII.InteropServices.Bitwise", "src\THNETII.InteropServices.Bitwise\THNETII.InteropServices.Bitwise.csproj", "{F521C542-DBAA-4D2D-B788-F9BB6B3C6A93}"
EndProject
Project("{9A19103F-16F7-4668-BE54-9A1E7A4F7556}") = "THNETII.InteropServices.Memory", "src\THNETII.InteropServices.Memory\THNETII.InteropServices.Memory.csproj", "{6E0EBC43-C4C9-4EBB-A677-8924F7C25B2F}"
EndProject
Global
	GlobalSection(SolutionConfigurationPlatforms) = preSolution
		Debug|Any CPU = Debug|Any CPU
		Debug|x64 = Debug|x64
		Debug|x86 = Debug|x86
		Release|Any CPU = Release|Any CPU
		Release|x64 = Release|x64
		Release|x86 = Release|x86
	EndGlobalSection
	GlobalSection(ProjectConfigurationPlatforms) = postSolution
		{B4E305D2-7093-40C1-962B-45CD6CF1B7F2}.Debug|Any CPU.ActiveCfg = Debug|Any CPU
		{B4E305D2-7093-40C1-962B-45CD6CF1B7F2}.Debug|Any CPU.Build.0 = Debug|Any CPU
		{B4E305D2-7093-40C1-962B-45CD6CF1B7F2}.Debug|x64.ActiveCfg = Debug|Any CPU
		{B4E305D2-7093-40C1-962B-45CD6CF1B7F2}.Debug|x64.Build.0 = Debug|Any CPU
		{B4E305D2-7093-40C1-962B-45CD6CF1B7F2}.Debug|x86.ActiveCfg = Debug|Any CPU
		{B4E305D2-7093-40C1-962B-45CD6CF1B7F2}.Debug|x86.Build.0 = Debug|Any CPU
		{B4E305D2-7093-40C1-962B-45CD6CF1B7F2}.Release|Any CPU.ActiveCfg = Release|Any CPU
		{B4E305D2-7093-40C1-962B-45CD6CF1B7F2}.Release|Any CPU.Build.0 = Release|Any CPU
		{B4E305D2-7093-40C1-962B-45CD6CF1B7F2}.Release|x64.ActiveCfg = Release|Any CPU
		{B4E305D2-7093-40C1-962B-45CD6CF1B7F2}.Release|x64.Build.0 = Release|Any CPU
		{B4E305D2-7093-40C1-962B-45CD6CF1B7F2}.Release|x86.ActiveCfg = Release|Any CPU
		{B4E305D2-7093-40C1-962B-45CD6CF1B7F2}.Release|x86.Build.0 = Release|Any CPU
		{F521C542-DBAA-4D2D-B788-F9BB6B3C6A93}.Debug|Any CPU.ActiveCfg = Debug|Any CPU
		{F521C542-DBAA-4D2D-B788-F9BB6B3C6A93}.Debug|Any CPU.Build.0 = Debug|Any CPU
		{F521C542-DBAA-4D2D-B788-F9BB6B3C6A93}.Debug|x64.ActiveCfg = Debug|Any CPU
		{F521C542-DBAA-4D2D-B788-F9BB6B3C6A93}.Debug|x64.Build.0 = Debug|Any CPU
		{F521C542-DBAA-4D2D-B788-F9BB6B3C6A93}.Debug|x86.ActiveCfg = Debug|Any CPU
		{F521C542-DBAA-4D2D-B788-F9BB6B3C6A93}.Debug|x86.Build.0 = Debug|Any CPU
		{F521C542-DBAA-4D2D-B788-F9BB6B3C6A93}.Release|Any CPU.ActiveCfg = Release|Any CPU
		{F521C542-DBAA-4D2D-B788-F9BB6B3C6A93}.Release|Any CPU.Build.0 = Release|Any CPU
		{F521C542-DBAA-4D2D-B788-F9BB6B3C6A93}.Release|x64.ActiveCfg = Release|Any CPU
		{F521C542-DBAA-4D2D-B788-F9BB6B3C6A93}.Release|x64.Build.0 = Release|Any CPU
		{F521C542-DBAA-4D2D-B788-F9BB6B3C6A93}.Release|x86.ActiveCfg = Release|Any CPU
		{F521C542-DBAA-4D2D-B788-F9BB6B3C6A93}.Release|x86.Build.0 = Release|Any CPU
		{6E0EBC43-C4C9-4EBB-A677-8924F7C25B2F}.Debug|Any CPU.ActiveCfg = Debug|Any CPU
		{6E0EBC43-C4C9-4EBB-A677-8924F7C25B2F}.Debug|Any CPU.Build.0 = Debug|Any CPU
		{6E0EBC43-C4C9-4EBB-A677-8924F7C25B2F}.Debug|x64.ActiveCfg = Debug|Any CPU
		{6E0EBC43-C4C9-4EBB-A677-8924F7C25B2F}.Debug|x64.Build.0 = Debug|Any CPU
		{6E0EBC43-C4C9-4EBB-A677-8924F7C25B2F}.Debug|x86.ActiveCfg = Debug|Any CPU
		{6E0EBC43-C4C9-4EBB-A677-8924F7C25B2F}.Debug|x86.Build.0 = Debug|Any CPU
		{6E0EBC43-C4C9-4EBB-A677-8924F7C25B2F}.Release|Any CPU.ActiveCfg = Release|Any CPU
		{6E0EBC43-C4C9-4EBB-A677-8924F7C25B2F}.Release|Any CPU.Build.0 = Release|Any CPU
		{6E0EBC43-C4C9-4EBB-A677-8924F7C25B2F}.Release|x64.ActiveCfg = Release|Any CPU
		{6E0EBC43-C4C9-4EBB-A677-8924F7C25B2F}.Release|x64.Build.0 = Release|Any CPU
		{6E0EBC43-C4C9-4EBB-A677-8924F7C25B2F}.Release|x86.ActiveCfg = Release|Any CPU
		{6E0EBC43-C4C9-4EBB-A677-8924F7C25B2F}.Release|x86.Build.0 = Release|Any CPU
	EndGlobalSection
	GlobalSection(SolutionProperties) = preSolution
		HideSolutionNode = FALSE
	EndGlobalSection
	GlobalSection(NestedProjects) = preSolution
		{B4E305D2-7093-40C1-962B-45CD6CF1B7F2} = {FC440972-893F-439E-AE8F-F2B4536F63B0}
		{F521C542-DBAA-4D2D-B788-F9BB6B3C6A93} = {5C704544-519C-4F65-B09B-FD7718531EA6}
		{6E0EBC43-C4C9-4EBB-A677-8924F7C25B2F} = {5C704544-519C-4F65-B09B-FD7718531EA6}
	EndGlobalSection
	GlobalSection(ExtensibilityGlobals) = postSolution
		SolutionGuid = {1B21D348-740F-4C22-B147-963ADEE398F2}
	EndGlobalSection
EndGlobal
